
Microsoft Visual Studio Solution File, Format Version 12.00
# Visual Studio 15
VisualStudioVersion = 15.0.27428.2005
MinimumVisualStudioVersion = 10.0.40219.1
Project("{FAE04EC0-301F-11D3-BF4B-00C04F79EFBC}") = "Schulzy.ChatApp.UI", "Schulzy.ChatApp.UI\Schulzy.ChatApp.UI.csproj", "{29B9A7F8-CCD2-41FE-AE1D-99ADD80AD485}"
EndProject
Project("{FAE04EC0-301F-11D3-BF4B-00C04F79EFBC}") = "Schulzy.ChatServer", "Schulzy.ChatServer\Schulzy.ChatServer.csproj", "{30BB5998-61AF-4828-A722-B0A7AC8796A6}"
EndProject
Project("{FAE04EC0-301F-11D3-BF4B-00C04F79EFBC}") = "Schulzy.ChatApp.WinFormsUI", "Schulzy.ChatApp.WinFormsUI\Schulzy.ChatApp.WinFormsUI.csproj", "{A91D6B5B-5709-459F-A8F8-77D2950485FC}"
EndProject
Project("{FAE04EC0-301F-11D3-BF4B-00C04F79EFBC}") = "Schulzy.ChatApp.Model", "Schulzy.ChatApp.Model\Schulzy.ChatApp.Model.csproj", "{6C3DCB47-31D3-46A5-AD37-7CFF6CD33C2A}"
EndProject
Project("{FAE04EC0-301F-11D3-BF4B-00C04F79EFBC}") = "Schulzy.ChatApp.Controller", "Schulzy.ChatApp.Controller\Schulzy.ChatApp.Controller.csproj", "{27E3FFD5-0C09-4557-9FFE-C306230F16C6}"
EndProject
Global
	GlobalSection(SolutionConfigurationPlatforms) = preSolution
		Debug|Any CPU = Debug|Any CPU
		Release|Any CPU = Release|Any CPU
	EndGlobalSection
	GlobalSection(ProjectConfigurationPlatforms) = postSolution
		{29B9A7F8-CCD2-41FE-AE1D-99ADD80AD485}.Debug|Any CPU.ActiveCfg = Debug|Any CPU
		{29B9A7F8-CCD2-41FE-AE1D-99ADD80AD485}.Debug|Any CPU.Build.0 = Debug|Any CPU
		{29B9A7F8-CCD2-41FE-AE1D-99ADD80AD485}.Release|Any CPU.ActiveCfg = Release|Any CPU
		{29B9A7F8-CCD2-41FE-AE1D-99ADD80AD485}.Release|Any CPU.Build.0 = Release|Any CPU
		{30BB5998-61AF-4828-A722-B0A7AC8796A6}.Debug|Any CPU.ActiveCfg = Debug|Any CPU
		{30BB5998-61AF-4828-A722-B0A7AC8796A6}.Debug|Any CPU.Build.0 = Debug|Any CPU
		{30BB5998-61AF-4828-A722-B0A7AC8796A6}.Release|Any CPU.ActiveCfg = Release|Any CPU
		{30BB5998-61AF-4828-A722-B0A7AC8796A6}.Release|Any CPU.Build.0 = Release|Any CPU
		{A91D6B5B-5709-459F-A8F8-77D2950485FC}.Debug|Any CPU.ActiveCfg = Debug|Any CPU
		{A91D6B5B-5709-459F-A8F8-77D2950485FC}.Debug|Any CPU.Build.0 = Debug|Any CPU
		{A91D6B5B-5709-459F-A8F8-77D2950485FC}.Release|Any CPU.ActiveCfg = Release|Any CPU
		{A91D6B5B-5709-459F-A8F8-77D2950485FC}.Release|Any CPU.Build.0 = Release|Any CPU
		{6C3DCB47-31D3-46A5-AD37-7CFF6CD33C2A}.Debug|Any CPU.ActiveCfg = Debug|Any CPU
		{6C3DCB47-31D3-46A5-AD37-7CFF6CD33C2A}.Debug|Any CPU.Build.0 = Debug|Any CPU
		{6C3DCB47-31D3-46A5-AD37-7CFF6CD33C2A}.Release|Any CPU.ActiveCfg = Release|Any CPU
		{6C3DCB47-31D3-46A5-AD37-7CFF6CD33C2A}.Release|Any CPU.Build.0 = Release|Any CPU
		{27E3FFD5-0C09-4557-9FFE-C306230F16C6}.Debug|Any CPU.ActiveCfg = Debug|Any CPU
		{27E3FFD5-0C09-4557-9FFE-C306230F16C6}.Debug|Any CPU.Build.0 = Debug|Any CPU
		{27E3FFD5-0C09-4557-9FFE-C306230F16C6}.Release|Any CPU.ActiveCfg = Release|Any CPU
		{27E3FFD5-0C09-4557-9FFE-C306230F16C6}.Release|Any CPU.Build.0 = Release|Any CPU
	EndGlobalSection
	GlobalSection(SolutionProperties) = preSolution
		HideSolutionNode = FALSE
	EndGlobalSection
	GlobalSection(ExtensibilityGlobals) = postSolution
		SolutionGuid = {F03324EC-2A1A-427F-B846-23FC7DA69128}
	EndGlobalSection
EndGlobal
